{
  "name": "garlandtools-api",
  "version": "0.3.1",
  "lockfileVersion": 1,
  "requires": true,
  "dependencies": {
    "bent": {
      "version": "7.3.7",
      "resolved": "https://registry.npmjs.org/bent/-/bent-7.3.7.tgz",
      "integrity": "sha512-APYx9bkrq3olflUbDeymwmQLQLR39d0Qz/xbvWG3pgKtklrxHvFUHQgEEK4Tp5e0pnvQQCQM7Vdb3SzErmTtZQ==",
      "requires": {
        "bytesish": "^0.4.1",
        "caseless": "~0.12.0",
        "is-stream": "^2.0.0"
      },
      "dependencies": {
        "is-stream": {
          "version": "2.0.0",
          "resolved": "https://registry.npmjs.org/is-stream/-/is-stream-2.0.0.tgz",
          "integrity": "sha512-XCoy+WlUr7d1+Z8GgSuXmpuUFC9fOhRXglJMx+dwLKTkL44Cjd4W1Z5P+BQZpr+cR93aGP4S/s7Ftw6Nd/kiEw=="
        }
      }
    },
    "bytesish": {
      "version": "0.4.2",
      "resolved": "https://registry.npmjs.org/bytesish/-/bytesish-0.4.2.tgz",
      "integrity": "sha512-ym4cXhq28K7uhYZUEOl17LuqsqKSphDsZcfAKmEa/HcCsCqHMQXOiFuWx1OnbktJux/qKK1W9Xt9uU5kLIKypQ=="
    },
    "caseless": {
      "version": "0.12.0",
      "resolved": "https://registry.npmjs.org/caseless/-/caseless-0.12.0.tgz",
      "integrity": "sha1-G2gcIf+EAzyCZUMJBolCDRhxUdw="
    },
    "cron": {
      "version": "1.7.1",
      "resolved": "https://registry.npmjs.org/cron/-/cron-1.7.1.tgz",
      "integrity": "sha512-gmMB/pJcqUVs/NklR1sCGlNYM7TizEw+1gebz20BMc/8bTm/r7QUp3ZPSPlG8Z5XRlvb7qhjEjq/+bdIfUCL2A==",
      "requires": {
        "moment-timezone": "^0.5.x"
      }
    },
    "moment": {
      "version": "2.24.0",
      "resolved": "https://registry.npmjs.org/moment/-/moment-2.24.0.tgz",
      "integrity": "sha512-bV7f+6l2QigeBBZSM/6yTNq4P2fNpSWj/0e7jQcy87A8e7o2nAfP/34/2ky5Vw4B9S446EtIhodAzkFCcR4dQg=="
    },
    "moment-timezone": {
      "version": "0.5.26",
      "resolved": "https://registry.npmjs.org/moment-timezone/-/moment-timezone-0.5.26.tgz",
      "integrity": "sha512-sFP4cgEKTCymBBKgoxZjYzlSovC20Y6J7y3nanDc5RoBIXKlZhoYwBoZGe3flwU6A372AcRwScH8KiwV6zjy1g==",
      "requires": {
        "moment": ">= 2.9.0"
      }
    }
  }
}
